// !$*UTF8*$!
{
	archiveVersion = 1;
	classes = {
	};
	objectVersion = 51;
	objects = {

/* Begin PBXBuildFile section */
		3D687CF6229A9C6000D69796 /* DataSampleViewController.swift in Sources */ = {isa = PBXBuildFile; fileRef = 3D687CF5229A9C6000D69796 /* DataSampleViewController.swift */; };
		3D687CF8229AA06A00D69796 /* SensorSampleViewController.swift in Sources */ = {isa = PBXBuildFile; fileRef = 3D687CF7229AA06A00D69796 /* SensorSampleViewController.swift */; };
		3D687CFA229AB33F00D69796 /* ApiSampleViewController.swift in Sources */ = {isa = PBXBuildFile; fileRef = 3D687CF9229AB33F00D69796 /* ApiSampleViewController.swift */; };
		3D9DDD702298F60A005BC705 /* AppDelegate.swift in Sources */ = {isa = PBXBuildFile; fileRef = 3D9DDD6F2298F60A005BC705 /* AppDelegate.swift */; };
		3D9DDD722298F60A005BC705 /* TopViewController.swift in Sources */ = {isa = PBXBuildFile; fileRef = 3D9DDD712298F60A005BC705 /* TopViewController.swift */; };
		3D9DDD752298F60A005BC705 /* Main.storyboard in Resources */ = {isa = PBXBuildFile; fileRef = 3D9DDD732298F60A005BC705 /* Main.storyboard */; };
		3D9DDD772298F60B005BC705 /* Assets.xcassets in Resources */ = {isa = PBXBuildFile; fileRef = 3D9DDD762298F60B005BC705 /* Assets.xcassets */; };
		3D9DDD7A2298F60B005BC705 /* LaunchScreen.storyboard in Resources */ = {isa = PBXBuildFile; fileRef = 3D9DDD782298F60B005BC705 /* LaunchScreen.storyboard */; };
		3DD74E1B229BDD810071A2CF /* WeatherClockViewController.swift in Sources */ = {isa = PBXBuildFile; fileRef = 3DD74E1A229BDD810071A2CF /* WeatherClockViewController.swift */; };
		3DD74E1E229C382D0071A2CF /* RainyVoice.mp3 in Resources */ = {isa = PBXBuildFile; fileRef = 3DD74E1D229C382D0071A2CF /* RainyVoice.mp3 */; };
		3DD74E20229C38350071A2CF /* CloudyVoice.mp3 in Resources */ = {isa = PBXBuildFile; fileRef = 3DD74E1F229C38350071A2CF /* CloudyVoice.mp3 */; };
		3DD74E22229C383A0071A2CF /* SunnyVoice.mp3 in Resources */ = {isa = PBXBuildFile; fileRef = 3DD74E21229C383A0071A2CF /* SunnyVoice.mp3 */; };
		C4EC868744B225265C5D4C53 /* Pods_SampleApp.framework in Frameworks */ = {isa = PBXBuildFile; fileRef = 6502A65802CD13D6C8807D98 /* Pods_SampleApp.framework */; };
/* End PBXBuildFile section */

/* Begin PBXFileReference section */
		3D687CF5229A9C6000D69796 /* DataSampleViewController.swift */ = {isa = PBXFileReference; lastKnownFileType = sourcecode.swift; path = DataSampleViewController.swift; sourceTree = "<group>"; };
		3D687CF7229AA06A00D69796 /* SensorSampleViewController.swift */ = {isa = PBXFileReference; lastKnownFileType = sourcecode.swift; path = SensorSampleViewController.swift; sourceTree = "<group>"; };
		3D687CF9229AB33F00D69796 /* ApiSampleViewController.swift */ = {isa = PBXFileReference; lastKnownFileType = sourcecode.swift; path = ApiSampleViewController.swift; sourceTree = "<group>"; };
		3D9DDD6C2298F60A005BC705 /* SampleApp.app */ = {isa = PBXFileReference; explicitFileType = wrapper.application; includeInIndex = 0; path = SampleApp.app; sourceTree = BUILT_PRODUCTS_DIR; };
		3D9DDD6F2298F60A005BC705 /* AppDelegate.swift */ = {isa = PBXFileReference; lastKnownFileType = sourcecode.swift; path = AppDelegate.swift; sourceTree = "<group>"; };
		3D9DDD712298F60A005BC705 /* TopViewController.swift */ = {isa = PBXFileReference; lastKnownFileType = sourcecode.swift; path = TopViewController.swift; sourceTree = "<group>"; };
		3D9DDD742298F60A005BC705 /* Base */ = {isa = PBXFileReference; lastKnownFileType = file.storyboard; name = Base; path = Base.lproj/Main.storyboard; sourceTree = "<group>"; };
		3D9DDD762298F60B005BC705 /* Assets.xcassets */ = {isa = PBXFileReference; lastKnownFileType = folder.assetcatalog; path = Assets.xcassets; sourceTree = "<group>"; };
		3D9DDD792298F60B005BC705 /* Base */ = {isa = PBXFileReference; lastKnownFileType = file.storyboard; name = Base; path = Base.lproj/LaunchScreen.storyboard; sourceTree = "<group>"; };
		3D9DDD7B2298F60B005BC705 /* Info.plist */ = {isa = PBXFileReference; lastKnownFileType = text.plist.xml; path = Info.plist; sourceTree = "<group>"; };
		3DD74E1A229BDD810071A2CF /* WeatherClockViewController.swift */ = {isa = PBXFileReference; lastKnownFileType = sourcecode.swift; path = WeatherClockViewController.swift; sourceTree = "<group>"; };
		3DD74E1D229C382D0071A2CF /* RainyVoice.mp3 */ = {isa = PBXFileReference; lastKnownFileType = audio.mp3; path = RainyVoice.mp3; sourceTree = "<group>"; };
		3DD74E1F229C38350071A2CF /* CloudyVoice.mp3 */ = {isa = PBXFileReference; lastKnownFileType = audio.mp3; path = CloudyVoice.mp3; sourceTree = "<group>"; };
		3DD74E21229C383A0071A2CF /* SunnyVoice.mp3 */ = {isa = PBXFileReference; lastKnownFileType = audio.mp3; path = SunnyVoice.mp3; sourceTree = "<group>"; };
		5D53BD5303F37EE859C6FB09 /* Pods-SampleApp.release.xcconfig */ = {isa = PBXFileReference; includeInIndex = 1; lastKnownFileType = text.xcconfig; name = "Pods-SampleApp.release.xcconfig"; path = "Target Support Files/Pods-SampleApp/Pods-SampleApp.release.xcconfig"; sourceTree = "<group>"; };
		6502A65802CD13D6C8807D98 /* Pods_SampleApp.framework */ = {isa = PBXFileReference; explicitFileType = wrapper.framework; includeInIndex = 0; path = Pods_SampleApp.framework; sourceTree = BUILT_PRODUCTS_DIR; };
		E65344617BBE28E456937A99 /* Pods-SampleApp.debug.xcconfig */ = {isa = PBXFileReference; includeInIndex = 1; lastKnownFileType = text.xcconfig; name = "Pods-SampleApp.debug.xcconfig"; path = "Target Support Files/Pods-SampleApp/Pods-SampleApp.debug.xcconfig"; sourceTree = "<group>"; };
/* End PBXFileReference section */

/* Begin PBXFrameworksBuildPhase section */
		3D9DDD692298F60A005BC705 /* Frameworks */ = {
			isa = PBXFrameworksBuildPhase;
			buildActionMask = 2147483647;
			files = (
				C4EC868744B225265C5D4C53 /* Pods_SampleApp.framework in Frameworks */,
			);
			runOnlyForDeploymentPostprocessing = 0;
		};
/* End PBXFrameworksBuildPhase section */

/* Begin PBXGroup section */
		3D9DDD632298F60A005BC705 = {
			isa = PBXGroup;
			children = (
				3D9DDD6E2298F60A005BC705 /* SampleApp */,
				3D9DDD6D2298F60A005BC705 /* Products */,
				8DF0793E11C50E116FAD73E6 /* Pods */,
				CD154698D79BE5C003F57F9F /* Frameworks */,
			);
			sourceTree = "<group>";
		};
		3D9DDD6D2298F60A005BC705 /* Products */ = {
			isa = PBXGroup;
			children = (
				3D9DDD6C2298F60A005BC705 /* SampleApp.app */,
			);
			name = Products;
			sourceTree = "<group>";
		};
		3D9DDD6E2298F60A005BC705 /* SampleApp */ = {
			isa = PBXGroup;
			children = (
				3D9DDD732298F60A005BC705 /* Main.storyboard */,
				3D9DDD782298F60B005BC705 /* LaunchScreen.storyboard */,
				3D9DDD712298F60A005BC705 /* TopViewController.swift */,
				3DD74E1A229BDD810071A2CF /* WeatherClockViewController.swift */,
				3D687CF5229A9C6000D69796 /* DataSampleViewController.swift */,
				3D687CF7229AA06A00D69796 /* SensorSampleViewController.swift */,
				3D687CF9229AB33F00D69796 /* ApiSampleViewController.swift */,
				3D9DDD6F2298F60A005BC705 /* AppDelegate.swift */,
				3D9DDD762298F60B005BC705 /* Assets.xcassets */,
				3D9DDD7B2298F60B005BC705 /* Info.plist */,
				3DD74E1C229C37FD0071A2CF /* mp3 */,
			);
			path = SampleApp;
			sourceTree = "<group>";
		};
		3DD74E1C229C37FD0071A2CF /* mp3 */ = {
			isa = PBXGroup;
			children = (
				3DD74E1F229C38350071A2CF /* CloudyVoice.mp3 */,
				3DD74E21229C383A0071A2CF /* SunnyVoice.mp3 */,
				3DD74E1D229C382D0071A2CF /* RainyVoice.mp3 */,
			);
			path = mp3;
			sourceTree = "<group>";
		};
		8DF0793E11C50E116FAD73E6 /* Pods */ = {
			isa = PBXGroup;
			children = (
				E65344617BBE28E456937A99 /* Pods-SampleApp.debug.xcconfig */,
				5D53BD5303F37EE859C6FB09 /* Pods-SampleApp.release.xcconfig */,
			);
			path = Pods;
			sourceTree = "<group>";
		};
		CD154698D79BE5C003F57F9F /* Frameworks */ = {
			isa = PBXGroup;
			children = (
				6502A65802CD13D6C8807D98 /* Pods_SampleApp.framework */,
			);
			name = Frameworks;
			sourceTree = "<group>";
		};
/* End PBXGroup section */

/* Begin PBXNativeTarget section */
		3D9DDD6B2298F60A005BC705 /* SampleApp */ = {
			isa = PBXNativeTarget;
			buildConfigurationList = 3D9DDD7E2298F60B005BC705 /* Build configuration list for PBXNativeTarget "SampleApp" */;
			buildPhases = (
				E0365B9A6CC6375584476782 /* [CP] Check Pods Manifest.lock */,
				3D9DDD682298F60A005BC705 /* Sources */,
				3D9DDD692298F60A005BC705 /* Frameworks */,
				3D9DDD6A2298F60A005BC705 /* Resources */,
				702FC9E7083B2EF31384EA0B /* [CP] Embed Pods Frameworks */,
			);
			buildRules = (
			);
			dependencies = (
			);
			name = SampleApp;
			productName = SampleApp;
			productReference = 3D9DDD6C2298F60A005BC705 /* SampleApp.app */;
			productType = "com.apple.product-type.application";
		};
/* End PBXNativeTarget section */

/* Begin PBXProject section */
		3D9DDD642298F60A005BC705 /* Project object */ = {
			isa = PBXProject;
			attributes = {
				LastSwiftUpdateCheck = 1020;
				LastUpgradeCheck = 1020;
				ORGANIZATIONNAME = Rirex;
				TargetAttributes = {
					3D9DDD6B2298F60A005BC705 = {
						CreatedOnToolsVersion = 10.2.1;
					};
				};
			};
			buildConfigurationList = 3D9DDD672298F60A005BC705 /* Build configuration list for PBXProject "SampleApp" */;
			compatibilityVersion = "Xcode 9.3";
			developmentRegion = en;
			hasScannedForEncodings = 0;
			knownRegions = (
				en,
				Base,
			);
			mainGroup = 3D9DDD632298F60A005BC705;
			productRefGroup = 3D9DDD6D2298F60A005BC705 /* Products */;
			projectDirPath = "";
			projectRoot = "";
			targets = (
				3D9DDD6B2298F60A005BC705 /* SampleApp */,
			);
		};
/* End PBXProject section */

/* Begin PBXResourcesBuildPhase section */
		3D9DDD6A2298F60A005BC705 /* Resources */ = {
			isa = PBXResourcesBuildPhase;
			buildActionMask = 2147483647;
			files = (
				3D9DDD7A2298F60B005BC705 /* LaunchScreen.storyboard in Resources */,
				3DD74E22229C383A0071A2CF /* SunnyVoice.mp3 in Resources */,
				3DD74E1E229C382D0071A2CF /* RainyVoice.mp3 in Resources */,
				3D9DDD772298F60B005BC705 /* Assets.xcassets in Resources */,
				3D9DDD752298F60A005BC705 /* Main.storyboard in Resources */,
				3DD74E20229C38350071A2CF /* CloudyVoice.mp3 in Resources */,
			);
			runOnlyForDeploymentPostprocessing = 0;
		};
/* End PBXResourcesBuildPhase section */

/* Begin PBXShellScriptBuildPhase section */
		702FC9E7083B2EF31384EA0B /* [CP] Embed Pods Frameworks */ = {
			isa = PBXShellScriptBuildPhase;
			buildActionMask = 2147483647;
			files = (
			);
			inputFileListPaths = (
				"${PODS_ROOT}/Target Support Files/Pods-SampleApp/Pods-SampleApp-frameworks-${CONFIGURATION}-input-files.xcfilelist",
			);
			name = "[CP] Embed Pods Frameworks";
			outputFileListPaths = (
				"${PODS_ROOT}/Target Support Files/Pods-SampleApp/Pods-SampleApp-frameworks-${CONFIGURATION}-output-files.xcfilelist",
			);
			runOnlyForDeploymentPostprocessing = 0;
			shellPath = /bin/sh;
			shellScript = "\"${PODS_ROOT}/Target Support Files/Pods-SampleApp/Pods-SampleApp-frameworks.sh\"\n";
			showEnvVarsInLog = 0;
		};
		E0365B9A6CC6375584476782 /* [CP] Check Pods Manifest.lock */ = {
			isa = PBXShellScriptBuildPhase;
			buildActionMask = 2147483647;
			files = (
			);
			inputFileListPaths = (
			);
			inputPaths = (
				"${PODS_PODFILE_DIR_PATH}/Podfile.lock",
				"${PODS_ROOT}/Manifest.lock",
			);
			name = "[CP] Check Pods Manifest.lock";
			outputFileListPaths = (
			);
			outputPaths = (
				"$(DERIVED_FILE_DIR)/Pods-SampleApp-checkManifestLockResult.txt",
			);
			runOnlyForDeploymentPostprocessing = 0;
			shellPath = /bin/sh;
			shellScript = "diff \"${PODS_PODFILE_DIR_PATH}/Podfile.lock\" \"${PODS_ROOT}/Manifest.lock\" > /dev/null\nif [ $? != 0 ] ; then\n    # print error to STDERR\n    echo \"error: The sandbox is not in sync with the Podfile.lock. Run 'pod install' or update your CocoaPods installation.\" >&2\n    exit 1\nfi\n# This output is used by Xcode 'outputs' to avoid re-running this script phase.\necho \"SUCCESS\" > \"${SCRIPT_OUTPUT_FILE_0}\"\n";
			showEnvVarsInLog = 0;
		};
/* End PBXShellScriptBuildPhase section */

/* Begin PBXSourcesBuildPhase section */
		3D9DDD682298F60A005BC705 /* Sources */ = {
			isa = PBXSourcesBuildPhase;
			buildActionMask = 2147483647;
			files = (
				3D687CF8229AA06A00D69796 /* SensorSampleViewController.swift in Sources */,
				3D687CFA229AB33F00D69796 /* ApiSampleViewController.swift in Sources */,
				3DD74E1B229BDD810071A2CF /* WeatherClockViewController.swift in Sources */,
				3D9DDD722298F60A005BC705 /* TopViewController.swift in Sources */,
				3D9DDD702298F60A005BC705 /* AppDelegate.swift in Sources */,
				3D687CF6229A9C6000D69796 /* DataSampleViewController.swift in Sources */,
			);
			runOnlyForDeploymentPostprocessing = 0;
		};
/* End PBXSourcesBuildPhase section */

/* Begin PBXVariantGroup section */
		3D9DDD732298F60A005BC705 /* Main.storyboard */ = {
			isa = PBXVariantGroup;
			children = (
				3D9DDD742298F60A005BC705 /* Base */,
			);
			name = Main.storyboard;
			sourceTree = "<group>";
		};
		3D9DDD782298F60B005BC705 /* LaunchScreen.storyboard */ = {
			isa = PBXVariantGroup;
			children = (
				3D9DDD792298F60B005BC705 /* Base */,
			);
			name = LaunchScreen.storyboard;
			sourceTree = "<group>";
		};
/* End PBXVariantGroup section */

/* Begin XCBuildConfiguration section */
		3D9DDD7C2298F60B005BC705 /* Debug */ = {
			isa = XCBuildConfiguration;
			buildSettings = {
				ALWAYS_SEARCH_USER_PATHS = NO;
				CLANG_ANALYZER_NONNULL = YES;
				CLANG_ANALYZER_NUMBER_OBJECT_CONVERSION = YES_AGGRESSIVE;
				CLANG_CXX_LANGUAGE_STANDARD = "gnu++14";
				CLANG_CXX_LIBRARY = "libc++";
				CLANG_ENABLE_MODULES = YES;
				CLANG_ENABLE_OBJC_ARC = YES;
				CLANG_ENABLE_OBJC_WEAK = YES;
				CLANG_WARN_BLOCK_CAPTURE_AUTORELEASING = YES;
				CLANG_WARN_BOOL_CONVERSION = YES;
				CLANG_WARN_COMMA = YES;
				CLANG_WARN_CONSTANT_CONVERSION = YES;
				CLANG_WARN_DEPRECATED_OBJC_IMPLEMENTATIONS = YES;
				CLANG_WARN_DIRECT_OBJC_ISA_USAGE = YES_ERROR;
				CLANG_WARN_DOCUMENTATION_COMMENTS = YES;
				CLANG_WARN_EMPTY_BODY = YES;
				CLANG_WARN_ENUM_CONVERSION = YES;
				CLANG_WARN_INFINITE_RECURSION = YES;
				CLANG_WARN_INT_CONVERSION = YES;
				CLANG_WARN_NON_LITERAL_NULL_CONVERSION = YES;
				CLANG_WARN_OBJC_IMPLICIT_RETAIN_SELF = YES;
				CLANG_WARN_OBJC_LITERAL_CONVERSION = YES;
				CLANG_WARN_OBJC_ROOT_CLASS = YES_ERROR;
				CLANG_WARN_RANGE_LOOP_ANALYSIS = YES;
				CLANG_WARN_STRICT_PROTOTYPES = YES;
				CLANG_WARN_SUSPICIOUS_MOVE = YES;
				CLANG_WARN_UNGUARDED_AVAILABILITY = YES_AGGRESSIVE;
				CLANG_WARN_UNREACHABLE_CODE = YES;
				CLANG_WARN__DUPLICATE_METHOD_MATCH = YES;
				CODE_SIGN_IDENTITY = "iPhone Developer";
				COPY_PHASE_STRIP = NO;
				DEBUG_INFORMATION_FORMAT = dwarf;
				ENABLE_STRICT_OBJC_MSGSEND = YES;
				ENABLE_TESTABILITY = YES;
				GCC_C_LANGUAGE_STANDARD = gnu11;
				GCC_DYNAMIC_NO_PIC = NO;
				GCC_NO_COMMON_BLOCKS = YES;
				GCC_OPTIMIZATION_LEVEL = 0;
				GCC_PREPROCESSOR_DEFINITIONS = (
					"DEBUG=1",
					"$(inherited)",
				);
				GCC_WARN_64_TO_32_BIT_CONVERSION = YES;
				GCC_WARN_ABOUT_RETURN_TYPE = YES_ERROR;
				GCC_WARN_UNDECLARED_SELECTOR = YES;
				GCC_WARN_UNINITIALIZED_AUTOS = YES_AGGRESSIVE;
				GCC_WARN_UNUSED_FUNCTION = YES;
				GCC_WARN_UNUSED_VARIABLE = YES;
				IPHONEOS_DEPLOYMENT_TARGET = 12.2;
				MTL_ENABLE_DEBUG_INFO = INCLUDE_SOURCE;
				MTL_FAST_MATH = YES;
				ONLY_ACTIVE_ARCH = YES;
				SDKROOT = iphoneos;
				SWIFT_ACTIVE_COMPILATION_CONDITIONS = DEBUG;
				SWIFT_OPTIMIZATION_LEVEL = "-Onone";
			};
			name = Debug;
		};
		3D9DDD7D2298F60B005BC705 /* Release */ = {
			isa = XCBuildConfiguration;
			buildSettings = {
				ALWAYS_SEARCH_USER_PATHS = NO;
				CLANG_ANALYZER_NONNULL = YES;
				CLANG_ANALYZER_NUMBER_OBJECT_CONVERSION = YES_AGGRESSIVE;
				CLANG_CXX_LANGUAGE_STANDARD = "gnu++14";
				CLANG_CXX_LIBRARY = "libc++";
				CLANG_ENABLE_MODULES = YES;
				CLANG_ENABLE_OBJC_ARC = YES;
				CLANG_ENABLE_OBJC_WEAK = YES;
				CLANG_WARN_BLOCK_CAPTURE_AUTORELEASING = YES;
				CLANG_WARN_BOOL_CONVERSION = YES;
				CLANG_WARN_COMMA = YES;
				CLANG_WARN_CONSTANT_CONVERSION = YES;
				CLANG_WARN_DEPRECATED_OBJC_IMPLEMENTATIONS = YES;
				CLANG_WARN_DIRECT_OBJC_ISA_USAGE = YES_ERROR;
				CLANG_WARN_DOCUMENTATION_COMMENTS = YES;
				CLANG_WARN_EMPTY_BODY = YES;
				CLANG_WARN_ENUM_CONVERSION = YES;
				CLANG_WARN_INFINITE_RECURSION = YES;
				CLANG_WARN_INT_CONVERSION = YES;
				CLANG_WARN_NON_LITERAL_NULL_CONVERSION = YES;
				CLANG_WARN_OBJC_IMPLICIT_RETAIN_SELF = YES;
				CLANG_WARN_OBJC_LITERAL_CONVERSION = YES;
				CLANG_WARN_OBJC_ROOT_CLASS = YES_ERROR;
				CLANG_WARN_RANGE_LOOP_ANALYSIS = YES;
				CLANG_WARN_STRICT_PROTOTYPES = YES;
				CLANG_WARN_SUSPICIOUS_MOVE = YES;
				CLANG_WARN_UNGUARDED_AVAILABILITY = YES_AGGRESSIVE;
				CLANG_WARN_UNREACHABLE_CODE = YES;
				CLANG_WARN__DUPLICATE_METHOD_MATCH = YES;
				CODE_SIGN_IDENTITY = "iPhone Developer";
				COPY_PHASE_STRIP = NO;
				DEBUG_INFORMATION_FORMAT = "dwarf-with-dsym";
				ENABLE_NS_ASSERTIONS = NO;
				ENABLE_STRICT_OBJC_MSGSEND = YES;
				GCC_C_LANGUAGE_STANDARD = gnu11;
				GCC_NO_COMMON_BLOCKS = YES;
				GCC_WARN_64_TO_32_BIT_CONVERSION = YES;
				GCC_WARN_ABOUT_RETURN_TYPE = YES_ERROR;
				GCC_WARN_UNDECLARED_SELECTOR = YES;
				GCC_WARN_UNINITIALIZED_AUTOS = YES_AGGRESSIVE;
				GCC_WARN_UNUSED_FUNCTION = YES;
				GCC_WARN_UNUSED_VARIABLE = YES;
				IPHONEOS_DEPLOYMENT_TARGET = 12.2;
				MTL_ENABLE_DEBUG_INFO = NO;
				MTL_FAST_MATH = YES;
				SDKROOT = iphoneos;
				SWIFT_COMPILATION_MODE = wholemodule;
				SWIFT_OPTIMIZATION_LEVEL = "-O";
				VALIDATE_PRODUCT = YES;
			};
			name = Release;
		};
		3D9DDD7F2298F60B005BC705 /* Debug */ = {
			isa = XCBuildConfiguration;
			baseConfigurationReference = E65344617BBE28E456937A99 /* Pods-SampleApp.debug.xcconfig */;
			buildSettings = {
				ASSETCATALOG_COMPILER_APPICON_NAME = AppIcon;
				CODE_SIGN_STYLE = Automatic;
				DEVELOPMENT_TEAM = W9QV9753NK;
				INFOPLIST_FILE = SampleApp/Info.plist;
				LD_RUNPATH_SEARCH_PATHS = (
					"$(inherited)",
					"@executable_path/Frameworks",
				);
				PRODUCT_BUNDLE_IDENTIFIER = net.rirex.SampleApp;
				PRODUCT_NAME = "$(TARGET_NAME)";
				SWIFT_VERSION = 5.0;
				TARGETED_DEVICE_FAMILY = "1,2";
			};
			name = Debug;
		};
		3D9DDD802298F60B005BC705 /* Release */ = {
			isa = XCBuildConfiguration;
			baseConfigurationReference = 5D53BD5303F37EE859C6FB09 /* Pods-SampleApp.release.xcconfig */;
			buildSettings = {
				ASSETCATALOG_COMPILER_APPICON_NAME = AppIcon;
				CODE_SIGN_STYLE = Automatic;
				DEVELOPMENT_TEAM = W9QV9753NK;
				INFOPLIST_FILE = SampleApp/Info.plist;
				LD_RUNPATH_SEARCH_PATHS = (
					"$(inherited)",
					"@executable_path/Frameworks",
				);
				PRODUCT_BUNDLE_IDENTIFIER = net.rirex.SampleApp;
				PRODUCT_NAME = "$(TARGET_NAME)";
				SWIFT_VERSION = 5.0;
				TARGETED_DEVICE_FAMILY = "1,2";
			};
			name = Release;
		};
/* End XCBuildConfiguration section */

/* Begin XCConfigurationList section */
		3D9DDD672298F60A005BC705 /* Build configuration list for PBXProject "SampleApp" */ = {
			isa = XCConfigurationList;
			buildConfigurations = (
				3D9DDD7C2298F60B005BC705 /* Debug */,
				3D9DDD7D2298F60B005BC705 /* Release */,
			);
			defaultConfigurationIsVisible = 0;
			defaultConfigurationName = Release;
		};
		3D9DDD7E2298F60B005BC705 /* Build configuration list for PBXNativeTarget "SampleApp" */ = {
			isa = XCConfigurationList;
			buildConfigurations = (
				3D9DDD7F2298F60B005BC705 /* Debug */,
				3D9DDD802298F60B005BC705 /* Release */,
			);
			defaultConfigurationIsVisible = 0;
			defaultConfigurationName = Release;
		};
/* End XCConfigurationList section */
	};
	rootObject = 3D9DDD642298F60A005BC705 /* Project object */;
}
